
Microsoft Visual Studio Solution File, Format Version 12.00
# Visual Studio 15
VisualStudioVersion = 15.0.26228.12
MinimumVisualStudioVersion = 10.0.40219.1
Project("{FAE04EC0-301F-11D3-BF4B-00C04F79EFBC}") = "MyString", "MyString\MyString.csproj", "{5B9A93A7-7C82-495D-82D8-BAD9DEE7870E}"
EndProject
Project("{FAE04EC0-301F-11D3-BF4B-00C04F79EFBC}") = "MyString.Test", "MyString.Test\MyString.Test.csproj", "{2D7ADDCC-E3D5-45AF-A16C-EB00CCC96AB6}"
EndProject
Global
	GlobalSection(SolutionConfigurationPlatforms) = preSolution
		Debug|Any CPU = Debug|Any CPU
		Release|Any CPU = Release|Any CPU
	EndGlobalSection
	GlobalSection(ProjectConfigurationPlatforms) = postSolution
		{5B9A93A7-7C82-495D-82D8-BAD9DEE7870E}.Debug|Any CPU.ActiveCfg = Debug|Any CPU
		{5B9A93A7-7C82-495D-82D8-BAD9DEE7870E}.Debug|Any CPU.Build.0 = Debug|Any CPU
		{5B9A93A7-7C82-495D-82D8-BAD9DEE7870E}.Release|Any CPU.ActiveCfg = Release|Any CPU
		{5B9A93A7-7C82-495D-82D8-BAD9DEE7870E}.Release|Any CPU.Build.0 = Release|Any CPU
		{2D7ADDCC-E3D5-45AF-A16C-EB00CCC96AB6}.Debug|Any CPU.ActiveCfg = Debug|Any CPU
		{2D7ADDCC-E3D5-45AF-A16C-EB00CCC96AB6}.Debug|Any CPU.Build.0 = Debug|Any CPU
		{2D7ADDCC-E3D5-45AF-A16C-EB00CCC96AB6}.Release|Any CPU.ActiveCfg = Release|Any CPU
		{2D7ADDCC-E3D5-45AF-A16C-EB00CCC96AB6}.Release|Any CPU.Build.0 = Release|Any CPU
	EndGlobalSection
	GlobalSection(SolutionProperties) = preSolution
		HideSolutionNode = FALSE
	EndGlobalSection
EndGlobal
